// !$*UTF8*$!
{
	archiveVersion = 1;
	classes = {
	};
	objectVersion = 56;
	objects = {

/* Begin PBXBuildFile section */
		5A0CFBDD2AFC293C005C2138 /* Prismify.swift in Sources */ = {isa = PBXBuildFile; fileRef = 5A0CFBDC2AFC293C005C2138 /* Prismify.swift */; };
		5A0CFBDF2AFC293C005C2138 /* ContentView.swift in Sources */ = {isa = PBXBuildFile; fileRef = 5A0CFBDE2AFC293C005C2138 /* ContentView.swift */; };
		5A0CFBE12AFC2942005C2138 /* Assets.xcassets in Resources */ = {isa = PBXBuildFile; fileRef = 5A0CFBE02AFC2942005C2138 /* Assets.xcassets */; };
		5A0CFBE42AFC2942005C2138 /* Preview Assets.xcassets in Resources */ = {isa = PBXBuildFile; fileRef = 5A0CFBE32AFC2942005C2138 /* Preview Assets.xcassets */; };
		5A0CFBEB2AFC29D1005C2138 /* ImagePicker.swift in Sources */ = {isa = PBXBuildFile; fileRef = 5A0CFBEA2AFC29D1005C2138 /* ImagePicker.swift */; };
		5A5921192B0115300096C3EC /* FilterPicker.swift in Sources */ = {isa = PBXBuildFile; fileRef = 5A5921182B0115300096C3EC /* FilterPicker.swift */; };
		5A59211B2B0117930096C3EC /* ImagePickerPanel.swift in Sources */ = {isa = PBXBuildFile; fileRef = 5A59211A2B0117930096C3EC /* ImagePickerPanel.swift */; };
		5A59211D2B011C330096C3EC /* Constants.swift in Sources */ = {isa = PBXBuildFile; fileRef = 5A59211C2B011C320096C3EC /* Constants.swift */; };
		5A59211F2B011D610096C3EC /* ImagePickerButton.swift in Sources */ = {isa = PBXBuildFile; fileRef = 5A59211E2B011D610096C3EC /* ImagePickerButton.swift */; };
		5A5921212B012ABB0096C3EC /* FilterPickerItem.swift in Sources */ = {isa = PBXBuildFile; fileRef = 5A5921202B012ABA0096C3EC /* FilterPickerItem.swift */; };
		5A5921232B01A3370096C3EC /* ImageSaver.swift in Sources */ = {isa = PBXBuildFile; fileRef = 5A5921222B01A3370096C3EC /* ImageSaver.swift */; };
		5A5921292B029F070096C3EC /* UIImage+FixOrientation.swift in Sources */ = {isa = PBXBuildFile; fileRef = 5A5921282B029F070096C3EC /* UIImage+FixOrientation.swift */; };
		5A59212C2B02E0F00096C3EC /* LandscapeLayout.swift in Sources */ = {isa = PBXBuildFile; fileRef = 5A59212B2B02E0F00096C3EC /* LandscapeLayout.swift */; };
		5A59212E2B02E54D0096C3EC /* PortraitLayout.swift in Sources */ = {isa = PBXBuildFile; fileRef = 5A59212D2B02E54D0096C3EC /* PortraitLayout.swift */; };
		5A7FCC652AFD7C2D00A45562 /* UIImage+Filter.swift in Sources */ = {isa = PBXBuildFile; fileRef = 5A7FCC642AFD7C2D00A45562 /* UIImage+Filter.swift */; };
		5A7FCC682AFD812000A45562 /* PhotoEditorViewModel.swift in Sources */ = {isa = PBXBuildFile; fileRef = 5A7FCC672AFD812000A45562 /* PhotoEditorViewModel.swift */; };
		5A7FCC6A2AFDAAF700A45562 /* UIImage+Save.swift in Sources */ = {isa = PBXBuildFile; fileRef = 5A7FCC692AFDAAF700A45562 /* UIImage+Save.swift */; };
		5A7FCC6C2AFDC26A00A45562 /* Filter.swift in Sources */ = {isa = PBXBuildFile; fileRef = 5A7FCC6B2AFDC26A00A45562 /* Filter.swift */; };
/* End PBXBuildFile section */

/* Begin PBXFileReference section */
		5A0CFBD92AFC293C005C2138 /* Prismify.app */ = {isa = PBXFileReference; explicitFileType = wrapper.application; includeInIndex = 0; path = Prismify.app; sourceTree = BUILT_PRODUCTS_DIR; };
		5A0CFBDC2AFC293C005C2138 /* Prismify.swift */ = {isa = PBXFileReference; lastKnownFileType = sourcecode.swift; path = Prismify.swift; sourceTree = "<group>"; };
		5A0CFBDE2AFC293C005C2138 /* ContentView.swift */ = {isa = PBXFileReference; lastKnownFileType = sourcecode.swift; path = ContentView.swift; sourceTree = "<group>"; };
		5A0CFBE02AFC2942005C2138 /* Assets.xcassets */ = {isa = PBXFileReference; lastKnownFileType = folder.assetcatalog; path = Assets.xcassets; sourceTree = "<group>"; };
		5A0CFBE32AFC2942005C2138 /* Preview Assets.xcassets */ = {isa = PBXFileReference; lastKnownFileType = folder.assetcatalog; path = "Preview Assets.xcassets"; sourceTree = "<group>"; };
		5A0CFBEA2AFC29D1005C2138 /* ImagePicker.swift */ = {isa = PBXFileReference; lastKnownFileType = sourcecode.swift; path = ImagePicker.swift; sourceTree = "<group>"; };
		5A55B36C2B045F410028D58F /* VastShadow.ttf */ = {isa = PBXFileReference; lastKnownFileType = file; path = VastShadow.ttf; sourceTree = "<group>"; };
		5A5921182B0115300096C3EC /* FilterPicker.swift */ = {isa = PBXFileReference; lastKnownFileType = sourcecode.swift; path = FilterPicker.swift; sourceTree = "<group>"; };
		5A59211A2B0117930096C3EC /* ImagePickerPanel.swift */ = {isa = PBXFileReference; lastKnownFileType = sourcecode.swift; path = ImagePickerPanel.swift; sourceTree = "<group>"; };
		5A59211C2B011C320096C3EC /* Constants.swift */ = {isa = PBXFileReference; lastKnownFileType = sourcecode.swift; path = Constants.swift; sourceTree = "<group>"; };
		5A59211E2B011D610096C3EC /* ImagePickerButton.swift */ = {isa = PBXFileReference; lastKnownFileType = sourcecode.swift; path = ImagePickerButton.swift; sourceTree = "<group>"; };
		5A5921202B012ABA0096C3EC /* FilterPickerItem.swift */ = {isa = PBXFileReference; lastKnownFileType = sourcecode.swift; path = FilterPickerItem.swift; sourceTree = "<group>"; };
		5A5921222B01A3370096C3EC /* ImageSaver.swift */ = {isa = PBXFileReference; lastKnownFileType = sourcecode.swift; path = ImageSaver.swift; sourceTree = "<group>"; };
		5A5921282B029F070096C3EC /* UIImage+FixOrientation.swift */ = {isa = PBXFileReference; lastKnownFileType = sourcecode.swift; path = "UIImage+FixOrientation.swift"; sourceTree = "<group>"; };
		5A59212B2B02E0F00096C3EC /* LandscapeLayout.swift */ = {isa = PBXFileReference; lastKnownFileType = sourcecode.swift; path = LandscapeLayout.swift; sourceTree = "<group>"; };
		5A59212D2B02E54D0096C3EC /* PortraitLayout.swift */ = {isa = PBXFileReference; lastKnownFileType = sourcecode.swift; path = PortraitLayout.swift; sourceTree = "<group>"; };
		5A7FCC642AFD7C2D00A45562 /* UIImage+Filter.swift */ = {isa = PBXFileReference; lastKnownFileType = sourcecode.swift; path = "UIImage+Filter.swift"; sourceTree = "<group>"; };
		5A7FCC672AFD812000A45562 /* PhotoEditorViewModel.swift */ = {isa = PBXFileReference; lastKnownFileType = sourcecode.swift; path = PhotoEditorViewModel.swift; sourceTree = "<group>"; };
		5A7FCC692AFDAAF700A45562 /* UIImage+Save.swift */ = {isa = PBXFileReference; lastKnownFileType = sourcecode.swift; path = "UIImage+Save.swift"; sourceTree = "<group>"; };
		5A7FCC6B2AFDC26A00A45562 /* Filter.swift */ = {isa = PBXFileReference; lastKnownFileType = sourcecode.swift; path = Filter.swift; sourceTree = "<group>"; };
		5A7FCC782B00588600A45562 /* Agbalumo.ttf */ = {isa = PBXFileReference; lastKnownFileType = file; path = Agbalumo.ttf; sourceTree = "<group>"; };
/* End PBXFileReference section */

/* Begin PBXFrameworksBuildPhase section */
		5A0CFBD62AFC293C005C2138 /* Frameworks */ = {
			isa = PBXFrameworksBuildPhase;
			buildActionMask = 2147483647;
			files = (
			);
			runOnlyForDeploymentPostprocessing = 0;
		};
/* End PBXFrameworksBuildPhase section */

/* Begin PBXGroup section */
		5A0CFBD02AFC293C005C2138 = {
			isa = PBXGroup;
			children = (
				5A0CFBDB2AFC293C005C2138 /* PhotoEditor */,
				5A0CFBDA2AFC293C005C2138 /* Products */,
			);
			sourceTree = "<group>";
		};
		5A0CFBDA2AFC293C005C2138 /* Products */ = {
			isa = PBXGroup;
			children = (
				5A0CFBD92AFC293C005C2138 /* Prismify.app */,
			);
			name = Products;
			sourceTree = "<group>";
		};
		5A0CFBDB2AFC293C005C2138 /* PhotoEditor */ = {
			isa = PBXGroup;
			children = (
				5A0CFBDC2AFC293C005C2138 /* Prismify.swift */,
				5A0CFBEE2AFC4185005C2138 /* Model */,
				5A5921172B0114420096C3EC /* View */,
				5A7FCC662AFD80FA00A45562 /* ViewModel */,
				5A59212A2B02D5F30096C3EC /* Extensions */,
				5A7FCC782B00588600A45562 /* Agbalumo.ttf */,
				5A55B36C2B045F410028D58F /* VastShadow.ttf */,
				5A0CFBE02AFC2942005C2138 /* Assets.xcassets */,
				5A0CFBE22AFC2942005C2138 /* Preview Content */,
			);
			path = PhotoEditor;
			sourceTree = "<group>";
		};
		5A0CFBE22AFC2942005C2138 /* Preview Content */ = {
			isa = PBXGroup;
			children = (
				5A0CFBE32AFC2942005C2138 /* Preview Assets.xcassets */,
			);
			path = "Preview Content";
			sourceTree = "<group>";
		};
		5A0CFBEE2AFC4185005C2138 /* Model */ = {
			isa = PBXGroup;
			children = (
				5A7FCC6B2AFDC26A00A45562 /* Filter.swift */,
				5A59211C2B011C320096C3EC /* Constants.swift */,
				5A5921222B01A3370096C3EC /* ImageSaver.swift */,
			);
			path = Model;
			sourceTree = "<group>";
		};
		5A5921172B0114420096C3EC /* View */ = {
			isa = PBXGroup;
			children = (
				5A0CFBDE2AFC293C005C2138 /* ContentView.swift */,
				5A5921182B0115300096C3EC /* FilterPicker.swift */,
				5A5921202B012ABA0096C3EC /* FilterPickerItem.swift */,
				5A59211A2B0117930096C3EC /* ImagePickerPanel.swift */,
				5A59211E2B011D610096C3EC /* ImagePickerButton.swift */,
				5A0CFBEA2AFC29D1005C2138 /* ImagePicker.swift */,
				5A59212B2B02E0F00096C3EC /* LandscapeLayout.swift */,
				5A59212D2B02E54D0096C3EC /* PortraitLayout.swift */,
			);
			path = View;
			sourceTree = "<group>";
		};
		5A59212A2B02D5F30096C3EC /* Extensions */ = {
			isa = PBXGroup;
			children = (
				5A7FCC692AFDAAF700A45562 /* UIImage+Save.swift */,
				5A7FCC642AFD7C2D00A45562 /* UIImage+Filter.swift */,
				5A5921282B029F070096C3EC /* UIImage+FixOrientation.swift */,
			);
			path = Extensions;
			sourceTree = "<group>";
		};
		5A7FCC662AFD80FA00A45562 /* ViewModel */ = {
			isa = PBXGroup;
			children = (
				5A7FCC672AFD812000A45562 /* PhotoEditorViewModel.swift */,
			);
			path = ViewModel;
			sourceTree = "<group>";
		};
/* End PBXGroup section */

/* Begin PBXNativeTarget section */
		5A0CFBD82AFC293C005C2138 /* Prismify */ = {
			isa = PBXNativeTarget;
			buildConfigurationList = 5A0CFBE72AFC2942005C2138 /* Build configuration list for PBXNativeTarget "Prismify" */;
			buildPhases = (
				5A0CFBD52AFC293C005C2138 /* Sources */,
				5A0CFBD62AFC293C005C2138 /* Frameworks */,
				5A0CFBD72AFC293C005C2138 /* Resources */,
			);
			buildRules = (
			);
			dependencies = (
			);
			name = Prismify;
			productName = PhotoEditor;
			productReference = 5A0CFBD92AFC293C005C2138 /* Prismify.app */;
			productType = "com.apple.product-type.application";
		};
/* End PBXNativeTarget section */

/* Begin PBXProject section */
		5A0CFBD12AFC293C005C2138 /* Project object */ = {
			isa = PBXProject;
			attributes = {
				BuildIndependentTargetsInParallel = 1;
				LastSwiftUpdateCheck = 1500;
				LastUpgradeCheck = 1500;
				TargetAttributes = {
					5A0CFBD82AFC293C005C2138 = {
						CreatedOnToolsVersion = 15.0.1;
					};
				};
			};
			buildConfigurationList = 5A0CFBD42AFC293C005C2138 /* Build configuration list for PBXProject "Prismify" */;
			compatibilityVersion = "Xcode 14.0";
			developmentRegion = en;
			hasScannedForEncodings = 0;
			knownRegions = (
				en,
				Base,
			);
			mainGroup = 5A0CFBD02AFC293C005C2138;
			productRefGroup = 5A0CFBDA2AFC293C005C2138 /* Products */;
			projectDirPath = "";
			projectRoot = "";
			targets = (
				5A0CFBD82AFC293C005C2138 /* Prismify */,
			);
		};
/* End PBXProject section */

/* Begin PBXResourcesBuildPhase section */
		5A0CFBD72AFC293C005C2138 /* Resources */ = {
			isa = PBXResourcesBuildPhase;
			buildActionMask = 2147483647;
			files = (
				5A0CFBE42AFC2942005C2138 /* Preview Assets.xcassets in Resources */,
				5A0CFBE12AFC2942005C2138 /* Assets.xcassets in Resources */,
			);
			runOnlyForDeploymentPostprocessing = 0;
		};
/* End PBXResourcesBuildPhase section */

/* Begin PBXSourcesBuildPhase section */
		5A0CFBD52AFC293C005C2138 /* Sources */ = {
			isa = PBXSourcesBuildPhase;
			buildActionMask = 2147483647;
			files = (
				5A59212C2B02E0F00096C3EC /* LandscapeLayout.swift in Sources */,
				5A0CFBEB2AFC29D1005C2138 /* ImagePicker.swift in Sources */,
				5A59212E2B02E54D0096C3EC /* PortraitLayout.swift in Sources */,
				5A5921192B0115300096C3EC /* FilterPicker.swift in Sources */,
				5A7FCC6C2AFDC26A00A45562 /* Filter.swift in Sources */,
				5A7FCC652AFD7C2D00A45562 /* UIImage+Filter.swift in Sources */,
				5A5921212B012ABB0096C3EC /* FilterPickerItem.swift in Sources */,
				5A59211B2B0117930096C3EC /* ImagePickerPanel.swift in Sources */,
				5A5921292B029F070096C3EC /* UIImage+FixOrientation.swift in Sources */,
				5A59211D2B011C330096C3EC /* Constants.swift in Sources */,
				5A0CFBDF2AFC293C005C2138 /* ContentView.swift in Sources */,
				5A0CFBDD2AFC293C005C2138 /* Prismify.swift in Sources */,
				5A7FCC682AFD812000A45562 /* PhotoEditorViewModel.swift in Sources */,
				5A5921232B01A3370096C3EC /* ImageSaver.swift in Sources */,
				5A7FCC6A2AFDAAF700A45562 /* UIImage+Save.swift in Sources */,
				5A59211F2B011D610096C3EC /* ImagePickerButton.swift in Sources */,
			);
			runOnlyForDeploymentPostprocessing = 0;
		};
/* End PBXSourcesBuildPhase section */

/* Begin XCBuildConfiguration section */
		5A0CFBE52AFC2942005C2138 /* Debug */ = {
			isa = XCBuildConfiguration;
			buildSettings = {
				ALWAYS_SEARCH_USER_PATHS = NO;
				ASSETCATALOG_COMPILER_GENERATE_SWIFT_ASSET_SYMBOL_EXTENSIONS = YES;
				CLANG_ANALYZER_NONNULL = YES;
				CLANG_ANALYZER_NUMBER_OBJECT_CONVERSION = YES_AGGRESSIVE;
				CLANG_CXX_LANGUAGE_STANDARD = "gnu++20";
				CLANG_ENABLE_MODULES = YES;
				CLANG_ENABLE_OBJC_ARC = YES;
				CLANG_ENABLE_OBJC_WEAK = YES;
				CLANG_WARN_BLOCK_CAPTURE_AUTORELEASING = YES;
				CLANG_WARN_BOOL_CONVERSION = YES;
				CLANG_WARN_COMMA = YES;
				CLANG_WARN_CONSTANT_CONVERSION = YES;
				CLANG_WARN_DEPRECATED_OBJC_IMPLEMENTATIONS = YES;
				CLANG_WARN_DIRECT_OBJC_ISA_USAGE = YES_ERROR;
				CLANG_WARN_DOCUMENTATION_COMMENTS = YES;
				CLANG_WARN_EMPTY_BODY = YES;
				CLANG_WARN_ENUM_CONVERSION = YES;
				CLANG_WARN_INFINITE_RECURSION = YES;
				CLANG_WARN_INT_CONVERSION = YES;
				CLANG_WARN_NON_LITERAL_NULL_CONVERSION = YES;
				CLANG_WARN_OBJC_IMPLICIT_RETAIN_SELF = YES;
				CLANG_WARN_OBJC_LITERAL_CONVERSION = YES;
				CLANG_WARN_OBJC_ROOT_CLASS = YES_ERROR;
				CLANG_WARN_QUOTED_INCLUDE_IN_FRAMEWORK_HEADER = YES;
				CLANG_WARN_RANGE_LOOP_ANALYSIS = YES;
				CLANG_WARN_STRICT_PROTOTYPES = YES;
				CLANG_WARN_SUSPICIOUS_MOVE = YES;
				CLANG_WARN_UNGUARDED_AVAILABILITY = YES_AGGRESSIVE;
				CLANG_WARN_UNREACHABLE_CODE = YES;
				CLANG_WARN__DUPLICATE_METHOD_MATCH = YES;
				COPY_PHASE_STRIP = NO;
				DEBUG_INFORMATION_FORMAT = dwarf;
				ENABLE_STRICT_OBJC_MSGSEND = YES;
				ENABLE_TESTABILITY = YES;
				ENABLE_USER_SCRIPT_SANDBOXING = YES;
				GCC_C_LANGUAGE_STANDARD = gnu17;
				GCC_DYNAMIC_NO_PIC = NO;
				GCC_NO_COMMON_BLOCKS = YES;
				GCC_OPTIMIZATION_LEVEL = 0;
				GCC_PREPROCESSOR_DEFINITIONS = (
					"DEBUG=1",
					"$(inherited)",
				);
				GCC_WARN_64_TO_32_BIT_CONVERSION = YES;
				GCC_WARN_ABOUT_RETURN_TYPE = YES_ERROR;
				GCC_WARN_UNDECLARED_SELECTOR = YES;
				GCC_WARN_UNINITIALIZED_AUTOS = YES_AGGRESSIVE;
				GCC_WARN_UNUSED_FUNCTION = YES;
				GCC_WARN_UNUSED_VARIABLE = YES;
				IPHONEOS_DEPLOYMENT_TARGET = 17.0;
				LOCALIZATION_PREFERS_STRING_CATALOGS = YES;
				MTL_ENABLE_DEBUG_INFO = INCLUDE_SOURCE;
				MTL_FAST_MATH = YES;
				ONLY_ACTIVE_ARCH = YES;
				SDKROOT = iphoneos;
				SWIFT_ACTIVE_COMPILATION_CONDITIONS = "DEBUG $(inherited)";
				SWIFT_OPTIMIZATION_LEVEL = "-Onone";
			};
			name = Debug;
		};
		5A0CFBE62AFC2942005C2138 /* Release */ = {
			isa = XCBuildConfiguration;
			buildSettings = {
				ALWAYS_SEARCH_USER_PATHS = NO;
				ASSETCATALOG_COMPILER_GENERATE_SWIFT_ASSET_SYMBOL_EXTENSIONS = YES;
				CLANG_ANALYZER_NONNULL = YES;
				CLANG_ANALYZER_NUMBER_OBJECT_CONVERSION = YES_AGGRESSIVE;
				CLANG_CXX_LANGUAGE_STANDARD = "gnu++20";
				CLANG_ENABLE_MODULES = YES;
				CLANG_ENABLE_OBJC_ARC = YES;
				CLANG_ENABLE_OBJC_WEAK = YES;
				CLANG_WARN_BLOCK_CAPTURE_AUTORELEASING = YES;
				CLANG_WARN_BOOL_CONVERSION = YES;
				CLANG_WARN_COMMA = YES;
				CLANG_WARN_CONSTANT_CONVERSION = YES;
				CLANG_WARN_DEPRECATED_OBJC_IMPLEMENTATIONS = YES;
				CLANG_WARN_DIRECT_OBJC_ISA_USAGE = YES_ERROR;
				CLANG_WARN_DOCUMENTATION_COMMENTS = YES;
				CLANG_WARN_EMPTY_BODY = YES;
				CLANG_WARN_ENUM_CONVERSION = YES;
				CLANG_WARN_INFINITE_RECURSION = YES;
				CLANG_WARN_INT_CONVERSION = YES;
				CLANG_WARN_NON_LITERAL_NULL_CONVERSION = YES;
				CLANG_WARN_OBJC_IMPLICIT_RETAIN_SELF = YES;
				CLANG_WARN_OBJC_LITERAL_CONVERSION = YES;
				CLANG_WARN_OBJC_ROOT_CLASS = YES_ERROR;
				CLANG_WARN_QUOTED_INCLUDE_IN_FRAMEWORK_HEADER = YES;
				CLANG_WARN_RANGE_LOOP_ANALYSIS = YES;
				CLANG_WARN_STRICT_PROTOTYPES = YES;
				CLANG_WARN_SUSPICIOUS_MOVE = YES;
				CLANG_WARN_UNGUARDED_AVAILABILITY = YES_AGGRESSIVE;
				CLANG_WARN_UNREACHABLE_CODE = YES;
				CLANG_WARN__DUPLICATE_METHOD_MATCH = YES;
				COPY_PHASE_STRIP = NO;
				DEBUG_INFORMATION_FORMAT = "dwarf-with-dsym";
				ENABLE_NS_ASSERTIONS = NO;
				ENABLE_STRICT_OBJC_MSGSEND = YES;
				ENABLE_USER_SCRIPT_SANDBOXING = YES;
				GCC_C_LANGUAGE_STANDARD = gnu17;
				GCC_NO_COMMON_BLOCKS = YES;
				GCC_WARN_64_TO_32_BIT_CONVERSION = YES;
				GCC_WARN_ABOUT_RETURN_TYPE = YES_ERROR;
				GCC_WARN_UNDECLARED_SELECTOR = YES;
				GCC_WARN_UNINITIALIZED_AUTOS = YES_AGGRESSIVE;
				GCC_WARN_UNUSED_FUNCTION = YES;
				GCC_WARN_UNUSED_VARIABLE = YES;
				IPHONEOS_DEPLOYMENT_TARGET = 17.0;
				LOCALIZATION_PREFERS_STRING_CATALOGS = YES;
				MTL_ENABLE_DEBUG_INFO = NO;
				MTL_FAST_MATH = YES;
				SDKROOT = iphoneos;
				SWIFT_COMPILATION_MODE = wholemodule;
				VALIDATE_PRODUCT = YES;
			};
			name = Release;
		};
		5A0CFBE82AFC2942005C2138 /* Debug */ = {
			isa = XCBuildConfiguration;
			buildSettings = {
				ASSETCATALOG_COMPILER_APPICON_NAME = AppIcon;
				ASSETCATALOG_COMPILER_GLOBAL_ACCENT_COLOR_NAME = AccentColor;
				CODE_SIGN_STYLE = Automatic;
				CURRENT_PROJECT_VERSION = 1;
				DEVELOPMENT_ASSET_PATHS = "\"PhotoEditor/Preview Content\"";
				DEVELOPMENT_TEAM = J43673834C;
				ENABLE_PREVIEWS = YES;
				GENERATE_INFOPLIST_FILE = YES;
				INFOPLIST_FILE = PhotoEditor/Info.plist;
				INFOPLIST_KEY_NSCameraUsageDescription = "Camera needed to take photos";
				INFOPLIST_KEY_NSPhotoLibraryAddUsageDescription = "We want to save your filtered photos";
				INFOPLIST_KEY_UIApplicationSceneManifest_Generation = YES;
				INFOPLIST_KEY_UIApplicationSupportsIndirectInputEvents = YES;
				INFOPLIST_KEY_UILaunchScreen_Generation = YES;
				INFOPLIST_KEY_UISupportedInterfaceOrientations_iPad = "UIInterfaceOrientationPortrait UIInterfaceOrientationPortraitUpsideDown UIInterfaceOrientationLandscapeLeft UIInterfaceOrientationLandscapeRight";
				INFOPLIST_KEY_UISupportedInterfaceOrientations_iPhone = "UIInterfaceOrientationPortrait UIInterfaceOrientationLandscapeLeft UIInterfaceOrientationLandscapeRight";
				LD_RUNPATH_SEARCH_PATHS = (
					"$(inherited)",
					"@executable_path/Frameworks",
				);
				MARKETING_VERSION = 1.0;
				PRODUCT_BUNDLE_IDENTIFIER = com.netoloboapps.PhotoEditor;
				PRODUCT_NAME = "$(TARGET_NAME)";
				SWIFT_EMIT_LOC_STRINGS = YES;
				SWIFT_VERSION = 5.0;
				TARGETED_DEVICE_FAMILY = "1,2";
			};
			name = Debug;
		};
		5A0CFBE92AFC2942005C2138 /* Release */ = {
			isa = XCBuildConfiguration;
			buildSettings = {
				ASSETCATALOG_COMPILER_APPICON_NAME = AppIcon;
				ASSETCATALOG_COMPILER_GLOBAL_ACCENT_COLOR_NAME = AccentColor;
				CODE_SIGN_STYLE = Automatic;
				CURRENT_PROJECT_VERSION = 1;
				DEVELOPMENT_ASSET_PATHS = "\"PhotoEditor/Preview Content\"";
				DEVELOPMENT_TEAM = J43673834C;
				ENABLE_PREVIEWS = YES;
				GENERATE_INFOPLIST_FILE = YES;
				INFOPLIST_FILE = PhotoEditor/Info.plist;
				INFOPLIST_KEY_NSCameraUsageDescription = "Camera needed to take photos";
				INFOPLIST_KEY_NSPhotoLibraryAddUsageDescription = "We want to save your filtered photos";
				INFOPLIST_KEY_UIApplicationSceneManifest_Generation = YES;
				INFOPLIST_KEY_UIApplicationSupportsIndirectInputEvents = YES;
				INFOPLIST_KEY_UILaunchScreen_Generation = YES;
				INFOPLIST_KEY_UISupportedInterfaceOrientations_iPad = "UIInterfaceOrientationPortrait UIInterfaceOrientationPortraitUpsideDown UIInterfaceOrientationLandscapeLeft UIInterfaceOrientationLandscapeRight";
				INFOPLIST_KEY_UISupportedInterfaceOrientations_iPhone = "UIInterfaceOrientationPortrait UIInterfaceOrientationLandscapeLeft UIInterfaceOrientationLandscapeRight";
				LD_RUNPATH_SEARCH_PATHS = (
					"$(inherited)",
					"@executable_path/Frameworks",
				);
				MARKETING_VERSION = 1.0;
				PRODUCT_BUNDLE_IDENTIFIER = com.netoloboapps.PhotoEditor;
				PRODUCT_NAME = "$(TARGET_NAME)";
				SWIFT_EMIT_LOC_STRINGS = YES;
				SWIFT_VERSION = 5.0;
				TARGETED_DEVICE_FAMILY = "1,2";
			};
			name = Release;
		};
/* End XCBuildConfiguration section */

/* Begin XCConfigurationList section */
		5A0CFBD42AFC293C005C2138 /* Build configuration list for PBXProject "Prismify" */ = {
			isa = XCConfigurationList;
			buildConfigurations = (
				5A0CFBE52AFC2942005C2138 /* Debug */,
				5A0CFBE62AFC2942005C2138 /* Release */,
			);
			defaultConfigurationIsVisible = 0;
			defaultConfigurationName = Release;
		};
		5A0CFBE72AFC2942005C2138 /* Build configuration list for PBXNativeTarget "Prismify" */ = {
			isa = XCConfigurationList;
			buildConfigurations = (
				5A0CFBE82AFC2942005C2138 /* Debug */,
				5A0CFBE92AFC2942005C2138 /* Release */,
			);
			defaultConfigurationIsVisible = 0;
			defaultConfigurationName = Release;
		};
/* End XCConfigurationList section */
	};
	rootObject = 5A0CFBD12AFC293C005C2138 /* Project object */;
}
